{
  "version": 1,
  "dependencies": {
    "net8.0-windows7.0": {
      "DalamudPackager": {
        "type": "Direct",
        "requested": "[2.1.13, )",
        "resolved": "2.1.13",
        "contentHash": "rMN1omGe8536f4xLMvx9NwfvpAc9YFFfeXJ1t4P4PE6Gu8WCIoFliR1sh07hM+bfODmesk/dvMbji7vNI+B/pQ=="
      },
      "Microsoft.Extensions.Caching.Abstractions": {
        "type": "Transitive",
        "resolved": "9.0.0-preview.7.24405.7",
        "contentHash": "eDwfpQAsiJH3OUA6nra1n0YLZJ8kkSYPpuHTaXCBzdVLNwKXsfBogSc5BlbufNRZAqgcJl5Xxz/U07JNNRkdqQ==",
        "dependencies": {
          "Microsoft.Extensions.Primitives": "9.0.0-preview.7.24405.7"
        }
      },
      "Microsoft.Extensions.Caching.Memory": {
        "type": "Transitive",
        "resolved": "9.0.0-preview.7.24405.7",
        "contentHash": "kbAMdUpCCGT474czJC6tdqOhmEk2Rw+49sW35vVy3hhwJNFBN0eWuZTPxqwgS2Lw+GCny1iFZZKoIHDNPmYNRQ==",
        "dependencies": {
          "Microsoft.Extensions.Caching.Abstractions": "9.0.0-preview.7.24405.7",
          "Microsoft.Extensions.DependencyInjection.Abstractions": "9.0.0-preview.7.24405.7",
          "Microsoft.Extensions.Logging.Abstractions": "9.0.0-preview.7.24405.7",
          "Microsoft.Extensions.Options": "9.0.0-preview.7.24405.7",
          "Microsoft.Extensions.Primitives": "9.0.0-preview.7.24405.7"
        }
      },
      "Microsoft.Extensions.DependencyInjection.Abstractions": {
        "type": "Transitive",
        "resolved": "9.0.0-preview.7.24405.7",
        "contentHash": "ZuoB/44UTW4IbYfHk0yHtZH9LdHkfEeclxvniWs90T+f9x/NQtN4556iNIKar3MASCcrD0n2AE5y/Kv6buuNIA=="
      },
      "Microsoft.Extensions.Logging.Abstractions": {
        "type": "Transitive",
        "resolved": "9.0.0-preview.7.24405.7",
        "contentHash": "WFzKiQ5cfQruJgK4vQEklG5Wwiu/Wt+T+eP80AGzzCq9iVgbOo7O1VC9amyO+Bw5WERAt1Yzfye0I0+wVSLhKA==",
        "dependencies": {
          "Microsoft.Extensions.DependencyInjection.Abstractions": "9.0.0-preview.7.24405.7",
          "System.Diagnostics.DiagnosticSource": "9.0.0-preview.7.24405.7"
        }
      },
      "Microsoft.Extensions.Options": {
        "type": "Transitive",
        "resolved": "9.0.0-preview.7.24405.7",
        "contentHash": "2Nx6IYXoDv8DdXe0TlmPb3h67TZD+XPeydZxk6MxC30GROYG+RWEaXLGHNDnEJPmii582GcEwkMaMZpZMa4UgA==",
        "dependencies": {
          "Microsoft.Extensions.DependencyInjection.Abstractions": "9.0.0-preview.7.24405.7",
          "Microsoft.Extensions.Primitives": "9.0.0-preview.7.24405.7"
        }
      },
      "Microsoft.Extensions.Primitives": {
        "type": "Transitive",
        "resolved": "9.0.0-preview.7.24405.7",
        "contentHash": "CsC3tAnJFsrXwhiUQzP3hlFGLEUC5DEE8WPxhe/j96h6/xD5U8Kpx/hQ0OwWbkNg1BX00Nf7qXbYV268G18cIQ=="
      },
      "System.Diagnostics.DiagnosticSource": {
        "type": "Transitive",
        "resolved": "9.0.0-preview.7.24405.7",
        "contentHash": "aAM2ASxG7VL+BPIO4SgSnIkrFSkrgXff6oENeHJig2JDeQyo6HjoP5X6kSuMxUUOTLpHWVvoEnK1fJHJUtMItg=="
      },
      "omentools": {
        "type": "Project",
        "dependencies": {
          "Microsoft.Extensions.Caching.Memory": "[9.0.0-preview.7.24405.7, )"
        }
      }
    }
  }
}